
Microsoft Visual Studio Solution File, Format Version 12.00
# Visual Studio Version 17
VisualStudioVersion = 17.3.32819.101
MinimumVisualStudioVersion = 10.0.40219.1
Project("{FAE04EC0-301F-11D3-BF4B-00C04F79EFBC}") = "Sebas.API", "Sebas.API\Sebas.API.csproj", "{89081AC2-08C2-4A14-8E47-4B55F67F7450}"
EndProject
Global
	GlobalSection(SolutionConfigurationPlatforms) = preSolution
		Debug|Any CPU = Debug|Any CPU
		Release|Any CPU = Release|Any CPU
	EndGlobalSection
	GlobalSection(ProjectConfigurationPlatforms) = postSolution
		{89081AC2-08C2-4A14-8E47-4B55F67F7450}.Debug|Any CPU.ActiveCfg = Debug|Any CPU
		{89081AC2-08C2-4A14-8E47-4B55F67F7450}.Debug|Any CPU.Build.0 = Debug|Any CPU
		{89081AC2-08C2-4A14-8E47-4B55F67F7450}.Release|Any CPU.ActiveCfg = Release|Any CPU
		{89081AC2-08C2-4A14-8E47-4B55F67F7450}.Release|Any CPU.Build.0 = Release|Any CPU
	EndGlobalSection
	GlobalSection(SolutionProperties) = preSolution
		HideSolutionNode = FALSE
	EndGlobalSection
	GlobalSection(ExtensibilityGlobals) = postSolution
		SolutionGuid = {798E4155-AF70-4245-A8CC-D37BCDEAED91}
	EndGlobalSection
EndGlobal
